
Microsoft Visual Studio Solution File, Format Version 12.00
Project("{2150E333-8FDC-42A3-9474-1A3956D46DE8}") = "src", "src", "{E48B84E1-3637-44F6-98E5-1C4767E62AC1}"
EndProject
Project("{2150E333-8FDC-42A3-9474-1A3956D46DE8}") = "tests", "tests", "{5C54F5FD-7AF0-48C0-89DC-F0BA424E8EB2}"
EndProject
Project("{FAE04EC0-301F-11D3-BF4B-00C04F79EFBC}") = "UnitTests", "tests\UnitTests\UnitTests.csproj", "{F30456AF-8B24-4782-9622-C970A0E500AB}"
EndProject
Project("{2150E333-8FDC-42A3-9474-1A3956D46DE8}") = "Common", "Common", "{AE337DEF-B9CF-4BC4-8B61-C84DC363C255}"
EndProject
Project("{FAE04EC0-301F-11D3-BF4B-00C04F79EFBC}") = "CIBDigitalTechAssessment.Utilities", "src\CIBDigitalTechAssessment.Utilities\CIBDigitalTechAssessment.Utilities.csproj", "{BFD2F5F0-9D69-48D1-83AC-E0B88019817B}"
EndProject
Project("{2150E333-8FDC-42A3-9474-1A3956D46DE8}") = "Data", "Data", "{C692DA3B-C280-40F8-9CAF-17ECE6D2F7B4}"
EndProject
Project("{FAE04EC0-301F-11D3-BF4B-00C04F79EFBC}") = "CIBDigitalTechAssessment.Entities", "src\CIBDigitalTechAssessment.Entities\CIBDigitalTechAssessment.Entities.csproj", "{05EFA5E7-455F-4A47-AB69-CF1784074D3E}"
EndProject
Project("{FAE04EC0-301F-11D3-BF4B-00C04F79EFBC}") = "CIBDigitalTechAssessment.Abstractions", "src\CIBDigitalTechAssessment.Abstractions\CIBDigitalTechAssessment.Abstractions.csproj", "{460E9B14-F1EE-412C-BF43-2D472FDEAE18}"
EndProject
Project("{FAE04EC0-301F-11D3-BF4B-00C04F79EFBC}") = "CIBDigitalTechAssessment.EntityFramework", "src\CIBDigitalTechAssessment.EntityFramework\CIBDigitalTechAssessment.EntityFramework.csproj", "{CF5A1732-B94A-4F25-B660-CD18CD2C2C52}"
EndProject
Project("{2150E333-8FDC-42A3-9474-1A3956D46DE8}") = "App", "App", "{FB0171B7-38FC-4EEB-A2C2-9C85BD4778FA}"
EndProject
Project("{FAE04EC0-301F-11D3-BF4B-00C04F79EFBC}") = "CIBDigitalTechAssessment.Web", "src\CIBDigitalTechAssessment.Web\CIBDigitalTechAssessment.Web.csproj", "{7EAC7D3D-5A21-4F8B-AE88-639B7F826032}"
EndProject
Project("{FAE04EC0-301F-11D3-BF4B-00C04F79EFBC}") = "CIBDigitalTechAssessment.ViewModels", "src\CIBDigitalTechAssessment.ViewModels\CIBDigitalTechAssessment.ViewModels.csproj", "{39D56411-E94C-49EF-AEFB-05F765529FA1}"
EndProject
Project("{FAE04EC0-301F-11D3-BF4B-00C04F79EFBC}") = "TestData", "tests\TestData\TestData.csproj", "{05AA7AFF-6025-4FF8-B016-D334D00E1A3E}"
EndProject
Project("{FAE04EC0-301F-11D3-BF4B-00C04F79EFBC}") = "CIBDigitalTechAssessment.Views", "src\CIBDigitalTechAssessment.Views\CIBDigitalTechAssessment.Views.csproj", "{0B098DBB-8AB9-4648-8AF2-2F1964268E11}"
EndProject
Project("{2150E333-8FDC-42A3-9474-1A3956D46DE8}") = "Infrastructure", "Infrastructure", "{5A61E819-2343-46CD-8ED3-02AF96E960BB}"
EndProject
Project("{FAE04EC0-301F-11D3-BF4B-00C04F79EFBC}") = "CIBDigitalTechAssessment.Core", "src\CIBDigitalTechAssessment.Core\CIBDigitalTechAssessment.Core.csproj", "{0C35AC3C-1714-4FE2-B6A6-5B3D0B734918}"
EndProject
Global
	GlobalSection(SolutionConfigurationPlatforms) = preSolution
		Debug|Any CPU = Debug|Any CPU
		Release|Any CPU = Release|Any CPU
	EndGlobalSection
	GlobalSection(NestedProjects) = preSolution
		{F30456AF-8B24-4782-9622-C970A0E500AB} = {5C54F5FD-7AF0-48C0-89DC-F0BA424E8EB2}
		{AE337DEF-B9CF-4BC4-8B61-C84DC363C255} = {E48B84E1-3637-44F6-98E5-1C4767E62AC1}
		{BFD2F5F0-9D69-48D1-83AC-E0B88019817B} = {AE337DEF-B9CF-4BC4-8B61-C84DC363C255}
		{C692DA3B-C280-40F8-9CAF-17ECE6D2F7B4} = {E48B84E1-3637-44F6-98E5-1C4767E62AC1}
		{05EFA5E7-455F-4A47-AB69-CF1784074D3E} = {C692DA3B-C280-40F8-9CAF-17ECE6D2F7B4}
		{460E9B14-F1EE-412C-BF43-2D472FDEAE18} = {C692DA3B-C280-40F8-9CAF-17ECE6D2F7B4}
		{CF5A1732-B94A-4F25-B660-CD18CD2C2C52} = {C692DA3B-C280-40F8-9CAF-17ECE6D2F7B4}
		{FB0171B7-38FC-4EEB-A2C2-9C85BD4778FA} = {E48B84E1-3637-44F6-98E5-1C4767E62AC1}
		{7EAC7D3D-5A21-4F8B-AE88-639B7F826032} = {FB0171B7-38FC-4EEB-A2C2-9C85BD4778FA}
		{39D56411-E94C-49EF-AEFB-05F765529FA1} = {AE337DEF-B9CF-4BC4-8B61-C84DC363C255}
		{05AA7AFF-6025-4FF8-B016-D334D00E1A3E} = {5C54F5FD-7AF0-48C0-89DC-F0BA424E8EB2}
		{0B098DBB-8AB9-4648-8AF2-2F1964268E11} = {C692DA3B-C280-40F8-9CAF-17ECE6D2F7B4}
		{5A61E819-2343-46CD-8ED3-02AF96E960BB} = {E48B84E1-3637-44F6-98E5-1C4767E62AC1}
		{0C35AC3C-1714-4FE2-B6A6-5B3D0B734918} = {5A61E819-2343-46CD-8ED3-02AF96E960BB}
	EndGlobalSection
	GlobalSection(ProjectConfigurationPlatforms) = postSolution
		{F30456AF-8B24-4782-9622-C970A0E500AB}.Debug|Any CPU.ActiveCfg = Debug|Any CPU
		{F30456AF-8B24-4782-9622-C970A0E500AB}.Debug|Any CPU.Build.0 = Debug|Any CPU
		{F30456AF-8B24-4782-9622-C970A0E500AB}.Release|Any CPU.ActiveCfg = Release|Any CPU
		{F30456AF-8B24-4782-9622-C970A0E500AB}.Release|Any CPU.Build.0 = Release|Any CPU
		{BFD2F5F0-9D69-48D1-83AC-E0B88019817B}.Debug|Any CPU.ActiveCfg = Debug|Any CPU
		{BFD2F5F0-9D69-48D1-83AC-E0B88019817B}.Debug|Any CPU.Build.0 = Debug|Any CPU
		{BFD2F5F0-9D69-48D1-83AC-E0B88019817B}.Release|Any CPU.ActiveCfg = Release|Any CPU
		{BFD2F5F0-9D69-48D1-83AC-E0B88019817B}.Release|Any CPU.Build.0 = Release|Any CPU
		{05EFA5E7-455F-4A47-AB69-CF1784074D3E}.Debug|Any CPU.ActiveCfg = Debug|Any CPU
		{05EFA5E7-455F-4A47-AB69-CF1784074D3E}.Debug|Any CPU.Build.0 = Debug|Any CPU
		{05EFA5E7-455F-4A47-AB69-CF1784074D3E}.Release|Any CPU.ActiveCfg = Release|Any CPU
		{05EFA5E7-455F-4A47-AB69-CF1784074D3E}.Release|Any CPU.Build.0 = Release|Any CPU
		{460E9B14-F1EE-412C-BF43-2D472FDEAE18}.Debug|Any CPU.ActiveCfg = Debug|Any CPU
		{460E9B14-F1EE-412C-BF43-2D472FDEAE18}.Debug|Any CPU.Build.0 = Debug|Any CPU
		{460E9B14-F1EE-412C-BF43-2D472FDEAE18}.Release|Any CPU.ActiveCfg = Release|Any CPU
		{460E9B14-F1EE-412C-BF43-2D472FDEAE18}.Release|Any CPU.Build.0 = Release|Any CPU
		{CF5A1732-B94A-4F25-B660-CD18CD2C2C52}.Debug|Any CPU.ActiveCfg = Debug|Any CPU
		{CF5A1732-B94A-4F25-B660-CD18CD2C2C52}.Debug|Any CPU.Build.0 = Debug|Any CPU
		{CF5A1732-B94A-4F25-B660-CD18CD2C2C52}.Release|Any CPU.ActiveCfg = Release|Any CPU
		{CF5A1732-B94A-4F25-B660-CD18CD2C2C52}.Release|Any CPU.Build.0 = Release|Any CPU
		{7EAC7D3D-5A21-4F8B-AE88-639B7F826032}.Debug|Any CPU.ActiveCfg = Debug|Any CPU
		{7EAC7D3D-5A21-4F8B-AE88-639B7F826032}.Debug|Any CPU.Build.0 = Debug|Any CPU
		{7EAC7D3D-5A21-4F8B-AE88-639B7F826032}.Release|Any CPU.ActiveCfg = Release|Any CPU
		{7EAC7D3D-5A21-4F8B-AE88-639B7F826032}.Release|Any CPU.Build.0 = Release|Any CPU
		{39D56411-E94C-49EF-AEFB-05F765529FA1}.Debug|Any CPU.ActiveCfg = Debug|Any CPU
		{39D56411-E94C-49EF-AEFB-05F765529FA1}.Debug|Any CPU.Build.0 = Debug|Any CPU
		{39D56411-E94C-49EF-AEFB-05F765529FA1}.Release|Any CPU.ActiveCfg = Release|Any CPU
		{39D56411-E94C-49EF-AEFB-05F765529FA1}.Release|Any CPU.Build.0 = Release|Any CPU
		{05AA7AFF-6025-4FF8-B016-D334D00E1A3E}.Debug|Any CPU.ActiveCfg = Debug|Any CPU
		{05AA7AFF-6025-4FF8-B016-D334D00E1A3E}.Debug|Any CPU.Build.0 = Debug|Any CPU
		{05AA7AFF-6025-4FF8-B016-D334D00E1A3E}.Release|Any CPU.ActiveCfg = Release|Any CPU
		{05AA7AFF-6025-4FF8-B016-D334D00E1A3E}.Release|Any CPU.Build.0 = Release|Any CPU
		{0B098DBB-8AB9-4648-8AF2-2F1964268E11}.Debug|Any CPU.ActiveCfg = Debug|Any CPU
		{0B098DBB-8AB9-4648-8AF2-2F1964268E11}.Debug|Any CPU.Build.0 = Debug|Any CPU
		{0B098DBB-8AB9-4648-8AF2-2F1964268E11}.Release|Any CPU.ActiveCfg = Release|Any CPU
		{0B098DBB-8AB9-4648-8AF2-2F1964268E11}.Release|Any CPU.Build.0 = Release|Any CPU
		{0C35AC3C-1714-4FE2-B6A6-5B3D0B734918}.Debug|Any CPU.ActiveCfg = Debug|Any CPU
		{0C35AC3C-1714-4FE2-B6A6-5B3D0B734918}.Debug|Any CPU.Build.0 = Debug|Any CPU
		{0C35AC3C-1714-4FE2-B6A6-5B3D0B734918}.Release|Any CPU.ActiveCfg = Release|Any CPU
		{0C35AC3C-1714-4FE2-B6A6-5B3D0B734918}.Release|Any CPU.Build.0 = Release|Any CPU
	EndGlobalSection
EndGlobal
